
Microsoft Visual Studio Solution File, Format Version 12.00
# Visual Studio Version 16
VisualStudioVersion = 16.0.31829.152
MinimumVisualStudioVersion = 10.0.40219.1
Project("{FAE04EC0-301F-11D3-BF4B-00C04F79EFBC}") = "MCD_DinamikFormElemanlari", "MCD_DinamikFormElemanlari\MCD_DinamikFormElemanlari.csproj", "{F37689F8-75A6-46A1-A79C-4B8FF86B9BA8}"
EndProject
Global
	GlobalSection(SolutionConfigurationPlatforms) = preSolution
		Debug|Any CPU = Debug|Any CPU
		Release|Any CPU = Release|Any CPU
	EndGlobalSection
	GlobalSection(ProjectConfigurationPlatforms) = postSolution
		{F37689F8-75A6-46A1-A79C-4B8FF86B9BA8}.Debug|Any CPU.ActiveCfg = Debug|Any CPU
		{F37689F8-75A6-46A1-A79C-4B8FF86B9BA8}.Debug|Any CPU.Build.0 = Debug|Any CPU
		{F37689F8-75A6-46A1-A79C-4B8FF86B9BA8}.Release|Any CPU.ActiveCfg = Release|Any CPU
		{F37689F8-75A6-46A1-A79C-4B8FF86B9BA8}.Release|Any CPU.Build.0 = Release|Any CPU
	EndGlobalSection
	GlobalSection(SolutionProperties) = preSolution
		HideSolutionNode = FALSE
	EndGlobalSection
	GlobalSection(ExtensibilityGlobals) = postSolution
		SolutionGuid = {37DD9178-FF26-4896-B805-6A12A9258B9E}
	EndGlobalSection
EndGlobal
